PODS:
  - InfiniteScrolling (1.0.0)

DEPENDENCIES:
  - InfiniteScrolling (from `../`)

EXTERNAL SOURCES:
  InfiniteScrolling:
    :path: "../"

SPEC CHECKSUMS:
  InfiniteScrolling: ce6ffd350e909bc6f34878c9d6d62c3b9272f2ce

PODFILE CHECKSUM: e9aebe60d3dc8d1c4f8393da9aad7ab26a514417

COCOAPODS: 1.1.1
