PODS:
  - InfiniteScrolling (0.1.0)

DEPENDENCIES:
  - InfiniteScrolling (from `../`)

EXTERNAL SOURCES:
  InfiniteScrolling:
    :path: "../"

SPEC CHECKSUMS:
  InfiniteScrolling: 69c8989be690b6347dd4317c4ddcff0285f119bf

PODFILE CHECKSUM: e9aebe60d3dc8d1c4f8393da9aad7ab26a514417

COCOAPODS: 1.1.1
